
Microsoft Visual Studio Solution File, Format Version 12.00
# Visual Studio Version 17
VisualStudioVersion = 17.8.34330.188
MinimumVisualStudioVersion = 10.0.40219.1
Project("{FAE04EC0-301F-11D3-BF4B-00C04F79EFBC}") = "ReverseMode", "ReverseMode\ReverseMode.csproj", "{0EDEA13B-B2BE-468F-B769-3403CCADA9A2}"
EndProject
Global
	GlobalSection(SolutionConfigurationPlatforms) = preSolution
		Debug|Any CPU = Debug|Any CPU
		Release|Any CPU = Release|Any CPU
	EndGlobalSection
	GlobalSection(ProjectConfigurationPlatforms) = postSolution
		{0EDEA13B-B2BE-468F-B769-3403CCADA9A2}.Debug|Any CPU.ActiveCfg = Debug|Any CPU
		{0EDEA13B-B2BE-468F-B769-3403CCADA9A2}.Debug|Any CPU.Build.0 = Debug|Any CPU
		{0EDEA13B-B2BE-468F-B769-3403CCADA9A2}.Release|Any CPU.ActiveCfg = Release|Any CPU
		{0EDEA13B-B2BE-468F-B769-3403CCADA9A2}.Release|Any CPU.Build.0 = Release|Any CPU
	EndGlobalSection
	GlobalSection(SolutionProperties) = preSolution
		HideSolutionNode = FALSE
	EndGlobalSection
	GlobalSection(ExtensibilityGlobals) = postSolution
		SolutionGuid = {12B98F6F-EB90-4444-912B-6E7AEFC9D5E9}
	EndGlobalSection
EndGlobal
